
Microsoft Visual Studio Solution File, Format Version 12.00
# Visual Studio Version 17
VisualStudioVersion = 17.6.33801.468
MinimumVisualStudioVersion = 10.0.40219.1
Project("{FAE04EC0-301F-11D3-BF4B-00C04F79EFBC}") = "MVC.Demo", "MVC.Demo\MVC.Demo.csproj", "{6B0C46B1-0339-4EAF-8E90-DA5A11C89997}"
EndProject
Global
	GlobalSection(SolutionConfigurationPlatforms) = preSolution
		Debug|Any CPU = Debug|Any CPU
		Release|Any CPU = Release|Any CPU
	EndGlobalSection
	GlobalSection(ProjectConfigurationPlatforms) = postSolution
		{6B0C46B1-0339-4EAF-8E90-DA5A11C89997}.Debug|Any CPU.ActiveCfg = Debug|Any CPU
		{6B0C46B1-0339-4EAF-8E90-DA5A11C89997}.Debug|Any CPU.Build.0 = Debug|Any CPU
		{6B0C46B1-0339-4EAF-8E90-DA5A11C89997}.Release|Any CPU.ActiveCfg = Release|Any CPU
		{6B0C46B1-0339-4EAF-8E90-DA5A11C89997}.Release|Any CPU.Build.0 = Release|Any CPU
	EndGlobalSection
	GlobalSection(SolutionProperties) = preSolution
		HideSolutionNode = FALSE
	EndGlobalSection
	GlobalSection(ExtensibilityGlobals) = postSolution
		SolutionGuid = {2F92F859-4547-4977-A73C-CA9AFC9ADD68}
	EndGlobalSection
EndGlobal
