
Microsoft Visual Studio Solution File, Format Version 12.00
# Visual Studio Version 17
VisualStudioVersion = 17.5.33530.505
MinimumVisualStudioVersion = 10.0.40219.1
Project("{FAE04EC0-301F-11D3-BF4B-00C04F79EFBC}") = "WebApp-Test-1", "WebApp-Test-1\WebApp-Test-1.csproj", "{6597364B-84E2-458E-A957-BED2D4148DD2}"
EndProject
Project("{FAE04EC0-301F-11D3-BF4B-00C04F79EFBC}") = "BuzLogic", "BuzLogic\BuzLogic.csproj", "{73CD58F3-955C-4B99-BFFE-C71F9D4AB034}"
EndProject
Global
	GlobalSection(SolutionConfigurationPlatforms) = preSolution
		Debug|Any CPU = Debug|Any CPU
		Release|Any CPU = Release|Any CPU
	EndGlobalSection
	GlobalSection(ProjectConfigurationPlatforms) = postSolution
		{6597364B-84E2-458E-A957-BED2D4148DD2}.Debug|Any CPU.ActiveCfg = Debug|Any CPU
		{6597364B-84E2-458E-A957-BED2D4148DD2}.Debug|Any CPU.Build.0 = Debug|Any CPU
		{6597364B-84E2-458E-A957-BED2D4148DD2}.Release|Any CPU.ActiveCfg = Release|Any CPU
		{6597364B-84E2-458E-A957-BED2D4148DD2}.Release|Any CPU.Build.0 = Release|Any CPU
		{73CD58F3-955C-4B99-BFFE-C71F9D4AB034}.Debug|Any CPU.ActiveCfg = Debug|Any CPU
		{73CD58F3-955C-4B99-BFFE-C71F9D4AB034}.Debug|Any CPU.Build.0 = Debug|Any CPU
		{73CD58F3-955C-4B99-BFFE-C71F9D4AB034}.Release|Any CPU.ActiveCfg = Release|Any CPU
		{73CD58F3-955C-4B99-BFFE-C71F9D4AB034}.Release|Any CPU.Build.0 = Release|Any CPU
	EndGlobalSection
	GlobalSection(SolutionProperties) = preSolution
		HideSolutionNode = FALSE
	EndGlobalSection
	GlobalSection(ExtensibilityGlobals) = postSolution
		SolutionGuid = {BDBFA9DC-E123-45E7-91A8-186D0E58DB71}
	EndGlobalSection
EndGlobal
