
Microsoft Visual Studio Solution File, Format Version 12.00
# Visual Studio Version 17
VisualStudioVersion = 17.6.33801.468
MinimumVisualStudioVersion = 10.0.40219.1
Project("{FAE04EC0-301F-11D3-BF4B-00C04F79EFBC}") = "Demo.MVC", "Demo.MVC\Demo.MVC.csproj", "{863BC427-96DF-459C-8778-AADD3F100DF5}"
EndProject
Global
	GlobalSection(SolutionConfigurationPlatforms) = preSolution
		Debug|Any CPU = Debug|Any CPU
		Release|Any CPU = Release|Any CPU
	EndGlobalSection
	GlobalSection(ProjectConfigurationPlatforms) = postSolution
		{863BC427-96DF-459C-8778-AADD3F100DF5}.Debug|Any CPU.ActiveCfg = Debug|Any CPU
		{863BC427-96DF-459C-8778-AADD3F100DF5}.Debug|Any CPU.Build.0 = Debug|Any CPU
		{863BC427-96DF-459C-8778-AADD3F100DF5}.Release|Any CPU.ActiveCfg = Release|Any CPU
		{863BC427-96DF-459C-8778-AADD3F100DF5}.Release|Any CPU.Build.0 = Release|Any CPU
	EndGlobalSection
	GlobalSection(SolutionProperties) = preSolution
		HideSolutionNode = FALSE
	EndGlobalSection
	GlobalSection(ExtensibilityGlobals) = postSolution
		SolutionGuid = {2A52AE91-0132-4612-8E5D-63252F7A32AB}
	EndGlobalSection
EndGlobal
